
Microsoft Visual Studio Solution File, Format Version 12.00
# Visual Studio Version 16
VisualStudioVersion = 16.0.29215.179
MinimumVisualStudioVersion = 10.0.40219.1
Project("{FAE04EC0-301F-11D3-BF4B-00C04F79EFBC}") = "ConsoleApp", "ConsoleApp\ConsoleApp.csproj", "{FDF00884-79FF-4D0C-A193-E3562AFE097E}"
EndProject
Global
	GlobalSection(SolutionConfigurationPlatforms) = preSolution
		Debug|Any CPU = Debug|Any CPU
		Release|Any CPU = Release|Any CPU
	EndGlobalSection
	GlobalSection(ProjectConfigurationPlatforms) = postSolution
		{FDF00884-79FF-4D0C-A193-E3562AFE097E}.Debug|Any CPU.ActiveCfg = Debug|Any CPU
		{FDF00884-79FF-4D0C-A193-E3562AFE097E}.Debug|Any CPU.Build.0 = Debug|Any CPU
		{FDF00884-79FF-4D0C-A193-E3562AFE097E}.Release|Any CPU.ActiveCfg = Release|Any CPU
		{FDF00884-79FF-4D0C-A193-E3562AFE097E}.Release|Any CPU.Build.0 = Release|Any CPU
	EndGlobalSection
	GlobalSection(SolutionProperties) = preSolution
		HideSolutionNode = FALSE
	EndGlobalSection
	GlobalSection(ExtensibilityGlobals) = postSolution
		SolutionGuid = {9B267F66-82CC-47DB-B7DE-0BAD50ACFB4B}
	EndGlobalSection
EndGlobal
